// !$*UTF8*$!
{
	archiveVersion = 1;
	classes = {
	};
	objectVersion = 51;
	objects = {

/* Begin PBXBuildFile section */
		26F1008728A7431472BF5B8B /* Pods_SemiModalSample.framework in Frameworks */ = {isa = PBXBuildFile; fileRef = 84D649B4E7B19FDBEDE556D1 /* Pods_SemiModalSample.framework */; };
		8CC214C5268449F9009537F9 /* AppDelegate.swift in Sources */ = {isa = PBXBuildFile; fileRef = 8CC214C4268449F9009537F9 /* AppDelegate.swift */; };
		8CC214CE268449FA009537F9 /* Assets.xcassets in Resources */ = {isa = PBXBuildFile; fileRef = 8CC214CD268449FA009537F9 /* Assets.xcassets */; };
		8CC214D1268449FA009537F9 /* LaunchScreen.storyboard in Resources */ = {isa = PBXBuildFile; fileRef = 8CC214CF268449FA009537F9 /* LaunchScreen.storyboard */; };
		8CC214DF26844ACA009537F9 /* SemiModalAnimator.storyboard in Resources */ = {isa = PBXBuildFile; fileRef = 8CC214DE26844ACA009537F9 /* SemiModalAnimator.storyboard */; };
		8CC214E226844AD7009537F9 /* SemiModalAnimatorViewController.swift in Sources */ = {isa = PBXBuildFile; fileRef = 8CC214E126844AD7009537F9 /* SemiModalAnimatorViewController.swift */; };
		8CC214E526844B98009537F9 /* Router.swift in Sources */ = {isa = PBXBuildFile; fileRef = 8CC214E426844B98009537F9 /* Router.swift */; };
		8CC214FA2685F0CE009537F9 /* InstantPanGestureRecognizer.swift in Sources */ = {isa = PBXBuildFile; fileRef = 8CC214F92685F0CE009537F9 /* InstantPanGestureRecognizer.swift */; };
/* End PBXBuildFile section */

/* Begin PBXFileReference section */
		3DACE8134B092FC6502309F6 /* Pods-SemiModalSample.release.xcconfig */ = {isa = PBXFileReference; includeInIndex = 1; lastKnownFileType = text.xcconfig; name = "Pods-SemiModalSample.release.xcconfig"; path = "Target Support Files/Pods-SemiModalSample/Pods-SemiModalSample.release.xcconfig"; sourceTree = "<group>"; };
		84D649B4E7B19FDBEDE556D1 /* Pods_SemiModalSample.framework */ = {isa = PBXFileReference; explicitFileType = wrapper.framework; includeInIndex = 0; path = Pods_SemiModalSample.framework; sourceTree = BUILT_PRODUCTS_DIR; };
		8CC214C1268449F9009537F9 /* SemiModalSample.app */ = {isa = PBXFileReference; explicitFileType = wrapper.application; includeInIndex = 0; path = SemiModalSample.app; sourceTree = BUILT_PRODUCTS_DIR; };
		8CC214C4268449F9009537F9 /* AppDelegate.swift */ = {isa = PBXFileReference; lastKnownFileType = sourcecode.swift; path = AppDelegate.swift; sourceTree = "<group>"; };
		8CC214CD268449FA009537F9 /* Assets.xcassets */ = {isa = PBXFileReference; lastKnownFileType = folder.assetcatalog; path = Assets.xcassets; sourceTree = "<group>"; };
		8CC214D0268449FA009537F9 /* Base */ = {isa = PBXFileReference; lastKnownFileType = file.storyboard; name = Base; path = Base.lproj/LaunchScreen.storyboard; sourceTree = "<group>"; };
		8CC214D2268449FA009537F9 /* Info.plist */ = {isa = PBXFileReference; lastKnownFileType = text.plist.xml; path = Info.plist; sourceTree = "<group>"; };
		8CC214DE26844ACA009537F9 /* SemiModalAnimator.storyboard */ = {isa = PBXFileReference; lastKnownFileType = file.storyboard; path = SemiModalAnimator.storyboard; sourceTree = "<group>"; };
		8CC214E126844AD7009537F9 /* SemiModalAnimatorViewController.swift */ = {isa = PBXFileReference; lastKnownFileType = sourcecode.swift; path = SemiModalAnimatorViewController.swift; sourceTree = "<group>"; };
		8CC214E426844B98009537F9 /* Router.swift */ = {isa = PBXFileReference; lastKnownFileType = sourcecode.swift; path = Router.swift; sourceTree = "<group>"; };
		8CC214F92685F0CE009537F9 /* InstantPanGestureRecognizer.swift */ = {isa = PBXFileReference; lastKnownFileType = sourcecode.swift; path = InstantPanGestureRecognizer.swift; sourceTree = "<group>"; };
		F87B34481DECC58C24D63E5F /* Pods-SemiModalSample.debug.xcconfig */ = {isa = PBXFileReference; includeInIndex = 1; lastKnownFileType = text.xcconfig; name = "Pods-SemiModalSample.debug.xcconfig"; path = "Target Support Files/Pods-SemiModalSample/Pods-SemiModalSample.debug.xcconfig"; sourceTree = "<group>"; };
/* End PBXFileReference section */

/* Begin PBXFrameworksBuildPhase section */
		8CC214BE268449F9009537F9 /* Frameworks */ = {
			isa = PBXFrameworksBuildPhase;
			buildActionMask = 2147483647;
			files = (
				26F1008728A7431472BF5B8B /* Pods_SemiModalSample.framework in Frameworks */,
			);
			runOnlyForDeploymentPostprocessing = 0;
		};
/* End PBXFrameworksBuildPhase section */

/* Begin PBXGroup section */
		01B90B0D8AB2B8CFDA5BB152 /* Pods */ = {
			isa = PBXGroup;
			children = (
				F87B34481DECC58C24D63E5F /* Pods-SemiModalSample.debug.xcconfig */,
				3DACE8134B092FC6502309F6 /* Pods-SemiModalSample.release.xcconfig */,
			);
			path = Pods;
			sourceTree = "<group>";
		};
		289FF3EDC2D6E36E54F9F9F3 /* Frameworks */ = {
			isa = PBXGroup;
			children = (
				84D649B4E7B19FDBEDE556D1 /* Pods_SemiModalSample.framework */,
			);
			name = Frameworks;
			sourceTree = "<group>";
		};
		8CC214B8268449F9009537F9 = {
			isa = PBXGroup;
			children = (
				8CC214C3268449F9009537F9 /* SemiModalSample */,
				8CC214C2268449F9009537F9 /* Products */,
				01B90B0D8AB2B8CFDA5BB152 /* Pods */,
				289FF3EDC2D6E36E54F9F9F3 /* Frameworks */,
			);
			sourceTree = "<group>";
		};
		8CC214C2268449F9009537F9 /* Products */ = {
			isa = PBXGroup;
			children = (
				8CC214C1268449F9009537F9 /* SemiModalSample.app */,
			);
			name = Products;
			sourceTree = "<group>";
		};
		8CC214C3268449F9009537F9 /* SemiModalSample */ = {
			isa = PBXGroup;
			children = (
				8CC214C4268449F9009537F9 /* AppDelegate.swift */,
				8CC214CD268449FA009537F9 /* Assets.xcassets */,
				8CC214CF268449FA009537F9 /* LaunchScreen.storyboard */,
				8CC214D2268449FA009537F9 /* Info.plist */,
				8CC214F226846D50009537F9 /* SemiModalAnimator */,
				8CC214EE26846D40009537F9 /* Router */,
			);
			path = SemiModalSample;
			sourceTree = "<group>";
		};
		8CC214EE26846D40009537F9 /* Router */ = {
			isa = PBXGroup;
			children = (
				8CC214E426844B98009537F9 /* Router.swift */,
			);
			path = Router;
			sourceTree = "<group>";
		};
		8CC214F226846D50009537F9 /* SemiModalAnimator */ = {
			isa = PBXGroup;
			children = (
				8CC214DE26844ACA009537F9 /* SemiModalAnimator.storyboard */,
				8CC214E126844AD7009537F9 /* SemiModalAnimatorViewController.swift */,
				8CC214F92685F0CE009537F9 /* InstantPanGestureRecognizer.swift */,
			);
			path = SemiModalAnimator;
			sourceTree = "<group>";
		};
/* End PBXGroup section */

/* Begin PBXNativeTarget section */
		8CC214C0268449F9009537F9 /* SemiModalSample */ = {
			isa = PBXNativeTarget;
			buildConfigurationList = 8CC214D5268449FA009537F9 /* Build configuration list for PBXNativeTarget "SemiModalSample" */;
			buildPhases = (
				28345292D8081F72DDEDF75F /* [CP] Check Pods Manifest.lock */,
				8CC214BD268449F9009537F9 /* Sources */,
				8CC214BE268449F9009537F9 /* Frameworks */,
				8CC214BF268449F9009537F9 /* Resources */,
				EF09507091B2826FEDB9421A /* [CP] Embed Pods Frameworks */,
			);
			buildRules = (
			);
			dependencies = (
			);
			name = SemiModalSample;
			productName = SemiModalSample;
			productReference = 8CC214C1268449F9009537F9 /* SemiModalSample.app */;
			productType = "com.apple.product-type.application";
		};
/* End PBXNativeTarget section */

/* Begin PBXProject section */
		8CC214B9268449F9009537F9 /* Project object */ = {
			isa = PBXProject;
			attributes = {
				LastSwiftUpdateCheck = 1240;
				LastUpgradeCheck = 1240;
				TargetAttributes = {
					8CC214C0268449F9009537F9 = {
						CreatedOnToolsVersion = 12.4;
					};
				};
			};
			buildConfigurationList = 8CC214BC268449F9009537F9 /* Build configuration list for PBXProject "SemiModalSample" */;
			compatibilityVersion = "Xcode 9.3";
			developmentRegion = en;
			hasScannedForEncodings = 0;
			knownRegions = (
				en,
				Base,
			);
			mainGroup = 8CC214B8268449F9009537F9;
			productRefGroup = 8CC214C2268449F9009537F9 /* Products */;
			projectDirPath = "";
			projectRoot = "";
			targets = (
				8CC214C0268449F9009537F9 /* SemiModalSample */,
			);
		};
/* End PBXProject section */

/* Begin PBXResourcesBuildPhase section */
		8CC214BF268449F9009537F9 /* Resources */ = {
			isa = PBXResourcesBuildPhase;
			buildActionMask = 2147483647;
			files = (
				8CC214D1268449FA009537F9 /* LaunchScreen.storyboard in Resources */,
				8CC214CE268449FA009537F9 /* Assets.xcassets in Resources */,
				8CC214DF26844ACA009537F9 /* SemiModalAnimator.storyboard in Resources */,
			);
			runOnlyForDeploymentPostprocessing = 0;
		};
/* End PBXResourcesBuildPhase section */

/* Begin PBXShellScriptBuildPhase section */
		28345292D8081F72DDEDF75F /* [CP] Check Pods Manifest.lock */ = {
			isa = PBXShellScriptBuildPhase;
			buildActionMask = 2147483647;
			files = (
			);
			inputFileListPaths = (
			);
			inputPaths = (
				"${PODS_PODFILE_DIR_PATH}/Podfile.lock",
				"${PODS_ROOT}/Manifest.lock",
			);
			name = "[CP] Check Pods Manifest.lock";
			outputFileListPaths = (
			);
			outputPaths = (
				"$(DERIVED_FILE_DIR)/Pods-SemiModalSample-checkManifestLockResult.txt",
			);
			runOnlyForDeploymentPostprocessing = 0;
			shellPath = /bin/sh;
			shellScript = "diff \"${PODS_PODFILE_DIR_PATH}/Podfile.lock\" \"${PODS_ROOT}/Manifest.lock\" > /dev/null\nif [ $? != 0 ] ; then\n    # print error to STDERR\n    echo \"error: The sandbox is not in sync with the Podfile.lock. Run 'pod install' or update your CocoaPods installation.\" >&2\n    exit 1\nfi\n# This output is used by Xcode 'outputs' to avoid re-running this script phase.\necho \"SUCCESS\" > \"${SCRIPT_OUTPUT_FILE_0}\"\n";
			showEnvVarsInLog = 0;
		};
		EF09507091B2826FEDB9421A /* [CP] Embed Pods Frameworks */ = {
			isa = PBXShellScriptBuildPhase;
			buildActionMask = 2147483647;
			files = (
			);
			inputFileListPaths = (
				"${PODS_ROOT}/Target Support Files/Pods-SemiModalSample/Pods-SemiModalSample-frameworks-${CONFIGURATION}-input-files.xcfilelist",
			);
			name = "[CP] Embed Pods Frameworks";
			outputFileListPaths = (
				"${PODS_ROOT}/Target Support Files/Pods-SemiModalSample/Pods-SemiModalSample-frameworks-${CONFIGURATION}-output-files.xcfilelist",
			);
			runOnlyForDeploymentPostprocessing = 0;
			shellPath = /bin/sh;
			shellScript = "\"${PODS_ROOT}/Target Support Files/Pods-SemiModalSample/Pods-SemiModalSample-frameworks.sh\"\n";
			showEnvVarsInLog = 0;
		};
/* End PBXShellScriptBuildPhase section */

/* Begin PBXSourcesBuildPhase section */
		8CC214BD268449F9009537F9 /* Sources */ = {
			isa = PBXSourcesBuildPhase;
			buildActionMask = 2147483647;
			files = (
				8CC214C5268449F9009537F9 /* AppDelegate.swift in Sources */,
				8CC214E526844B98009537F9 /* Router.swift in Sources */,
				8CC214E226844AD7009537F9 /* SemiModalAnimatorViewController.swift in Sources */,
				8CC214FA2685F0CE009537F9 /* InstantPanGestureRecognizer.swift in Sources */,
			);
			runOnlyForDeploymentPostprocessing = 0;
		};
/* End PBXSourcesBuildPhase section */

/* Begin PBXVariantGroup section */
		8CC214CF268449FA009537F9 /* LaunchScreen.storyboard */ = {
			isa = PBXVariantGroup;
			children = (
				8CC214D0268449FA009537F9 /* Base */,
			);
			name = LaunchScreen.storyboard;
			sourceTree = "<group>";
		};
/* End PBXVariantGroup section */

/* Begin XCBuildConfiguration section */
		8CC214D3268449FA009537F9 /* Debug */ = {
			isa = XCBuildConfiguration;
			buildSettings = {
				ALWAYS_SEARCH_USER_PATHS = NO;
				CLANG_ANALYZER_NONNULL = YES;
				CLANG_ANALYZER_NUMBER_OBJECT_CONVERSION = YES_AGGRESSIVE;
				CLANG_CXX_LANGUAGE_STANDARD = "gnu++14";
				CLANG_CXX_LIBRARY = "libc++";
				CLANG_ENABLE_MODULES = YES;
				CLANG_ENABLE_OBJC_ARC = YES;
				CLANG_ENABLE_OBJC_WEAK = YES;
				CLANG_WARN_BLOCK_CAPTURE_AUTORELEASING = YES;
				CLANG_WARN_BOOL_CONVERSION = YES;
				CLANG_WARN_COMMA = YES;
				CLANG_WARN_CONSTANT_CONVERSION = YES;
				CLANG_WARN_DEPRECATED_OBJC_IMPLEMENTATIONS = YES;
				CLANG_WARN_DIRECT_OBJC_ISA_USAGE = YES_ERROR;
				CLANG_WARN_DOCUMENTATION_COMMENTS = YES;
				CLANG_WARN_EMPTY_BODY = YES;
				CLANG_WARN_ENUM_CONVERSION = YES;
				CLANG_WARN_INFINITE_RECURSION = YES;
				CLANG_WARN_INT_CONVERSION = YES;
				CLANG_WARN_NON_LITERAL_NULL_CONVERSION = YES;
				CLANG_WARN_OBJC_IMPLICIT_RETAIN_SELF = YES;
				CLANG_WARN_OBJC_LITERAL_CONVERSION = YES;
				CLANG_WARN_OBJC_ROOT_CLASS = YES_ERROR;
				CLANG_WARN_QUOTED_INCLUDE_IN_FRAMEWORK_HEADER = YES;
				CLANG_WARN_RANGE_LOOP_ANALYSIS = YES;
				CLANG_WARN_STRICT_PROTOTYPES = YES;
				CLANG_WARN_SUSPICIOUS_MOVE = YES;
				CLANG_WARN_UNGUARDED_AVAILABILITY = YES_AGGRESSIVE;
				CLANG_WARN_UNREACHABLE_CODE = YES;
				CLANG_WARN__DUPLICATE_METHOD_MATCH = YES;
				COPY_PHASE_STRIP = NO;
				DEBUG_INFORMATION_FORMAT = dwarf;
				ENABLE_STRICT_OBJC_MSGSEND = YES;
				ENABLE_TESTABILITY = YES;
				GCC_C_LANGUAGE_STANDARD = gnu11;
				GCC_DYNAMIC_NO_PIC = NO;
				GCC_NO_COMMON_BLOCKS = YES;
				GCC_OPTIMIZATION_LEVEL = 0;
				GCC_PREPROCESSOR_DEFINITIONS = (
					"DEBUG=1",
					"$(inherited)",
				);
				GCC_WARN_64_TO_32_BIT_CONVERSION = YES;
				GCC_WARN_ABOUT_RETURN_TYPE = YES_ERROR;
				GCC_WARN_UNDECLARED_SELECTOR = YES;
				GCC_WARN_UNINITIALIZED_AUTOS = YES_AGGRESSIVE;
				GCC_WARN_UNUSED_FUNCTION = YES;
				GCC_WARN_UNUSED_VARIABLE = YES;
				IPHONEOS_DEPLOYMENT_TARGET = 14.4;
				MTL_ENABLE_DEBUG_INFO = INCLUDE_SOURCE;
				MTL_FAST_MATH = YES;
				ONLY_ACTIVE_ARCH = YES;
				SDKROOT = iphoneos;
				SWIFT_ACTIVE_COMPILATION_CONDITIONS = DEBUG;
				SWIFT_OPTIMIZATION_LEVEL = "-Onone";
			};
			name = Debug;
		};
		8CC214D4268449FA009537F9 /* Release */ = {
			isa = XCBuildConfiguration;
			buildSettings = {
				ALWAYS_SEARCH_USER_PATHS = NO;
				CLANG_ANALYZER_NONNULL = YES;
				CLANG_ANALYZER_NUMBER_OBJECT_CONVERSION = YES_AGGRESSIVE;
				CLANG_CXX_LANGUAGE_STANDARD = "gnu++14";
				CLANG_CXX_LIBRARY = "libc++";
				CLANG_ENABLE_MODULES = YES;
				CLANG_ENABLE_OBJC_ARC = YES;
				CLANG_ENABLE_OBJC_WEAK = YES;
				CLANG_WARN_BLOCK_CAPTURE_AUTORELEASING = YES;
				CLANG_WARN_BOOL_CONVERSION = YES;
				CLANG_WARN_COMMA = YES;
				CLANG_WARN_CONSTANT_CONVERSION = YES;
				CLANG_WARN_DEPRECATED_OBJC_IMPLEMENTATIONS = YES;
				CLANG_WARN_DIRECT_OBJC_ISA_USAGE = YES_ERROR;
				CLANG_WARN_DOCUMENTATION_COMMENTS = YES;
				CLANG_WARN_EMPTY_BODY = YES;
				CLANG_WARN_ENUM_CONVERSION = YES;
				CLANG_WARN_INFINITE_RECURSION = YES;
				CLANG_WARN_INT_CONVERSION = YES;
				CLANG_WARN_NON_LITERAL_NULL_CONVERSION = YES;
				CLANG_WARN_OBJC_IMPLICIT_RETAIN_SELF = YES;
				CLANG_WARN_OBJC_LITERAL_CONVERSION = YES;
				CLANG_WARN_OBJC_ROOT_CLASS = YES_ERROR;
				CLANG_WARN_QUOTED_INCLUDE_IN_FRAMEWORK_HEADER = YES;
				CLANG_WARN_RANGE_LOOP_ANALYSIS = YES;
				CLANG_WARN_STRICT_PROTOTYPES = YES;
				CLANG_WARN_SUSPICIOUS_MOVE = YES;
				CLANG_WARN_UNGUARDED_AVAILABILITY = YES_AGGRESSIVE;
				CLANG_WARN_UNREACHABLE_CODE = YES;
				CLANG_WARN__DUPLICATE_METHOD_MATCH = YES;
				COPY_PHASE_STRIP = NO;
				DEBUG_INFORMATION_FORMAT = "dwarf-with-dsym";
				ENABLE_NS_ASSERTIONS = NO;
				ENABLE_STRICT_OBJC_MSGSEND = YES;
				GCC_C_LANGUAGE_STANDARD = gnu11;
				GCC_NO_COMMON_BLOCKS = YES;
				GCC_WARN_64_TO_32_BIT_CONVERSION = YES;
				GCC_WARN_ABOUT_RETURN_TYPE = YES_ERROR;
				GCC_WARN_UNDECLARED_SELECTOR = YES;
				GCC_WARN_UNINITIALIZED_AUTOS = YES_AGGRESSIVE;
				GCC_WARN_UNUSED_FUNCTION = YES;
				GCC_WARN_UNUSED_VARIABLE = YES;
				IPHONEOS_DEPLOYMENT_TARGET = 14.4;
				MTL_ENABLE_DEBUG_INFO = NO;
				MTL_FAST_MATH = YES;
				SDKROOT = iphoneos;
				SWIFT_COMPILATION_MODE = wholemodule;
				SWIFT_OPTIMIZATION_LEVEL = "-O";
				VALIDATE_PRODUCT = YES;
			};
			name = Release;
		};
		8CC214D6268449FA009537F9 /* Debug */ = {
			isa = XCBuildConfiguration;
			baseConfigurationReference = F87B34481DECC58C24D63E5F /* Pods-SemiModalSample.debug.xcconfig */;
			buildSettings = {
				ASSETCATALOG_COMPILER_APPICON_NAME = AppIcon;
				ASSETCATALOG_COMPILER_GLOBAL_ACCENT_COLOR_NAME = AccentColor;
				CODE_SIGN_STYLE = Automatic;
				DEVELOPMENT_TEAM = MGJDRSSSYP;
				INFOPLIST_FILE = SemiModalSample/Info.plist;
				LD_RUNPATH_SEARCH_PATHS = (
					"$(inherited)",
					"@executable_path/Frameworks",
				);
				PRODUCT_BUNDLE_IDENTIFIER = com.masatotakamura.SemiModalSample;
				PRODUCT_NAME = "$(TARGET_NAME)";
				SWIFT_VERSION = 5.0;
				TARGETED_DEVICE_FAMILY = 1;
			};
			name = Debug;
		};
		8CC214D7268449FA009537F9 /* Release */ = {
			isa = XCBuildConfiguration;
			baseConfigurationReference = 3DACE8134B092FC6502309F6 /* Pods-SemiModalSample.release.xcconfig */;
			buildSettings = {
				ASSETCATALOG_COMPILER_APPICON_NAME = AppIcon;
				ASSETCATALOG_COMPILER_GLOBAL_ACCENT_COLOR_NAME = AccentColor;
				CODE_SIGN_STYLE = Automatic;
				DEVELOPMENT_TEAM = MGJDRSSSYP;
				INFOPLIST_FILE = SemiModalSample/Info.plist;
				LD_RUNPATH_SEARCH_PATHS = (
					"$(inherited)",
					"@executable_path/Frameworks",
				);
				PRODUCT_BUNDLE_IDENTIFIER = com.masatotakamura.SemiModalSample;
				PRODUCT_NAME = "$(TARGET_NAME)";
				SWIFT_VERSION = 5.0;
				TARGETED_DEVICE_FAMILY = 1;
			};
			name = Release;
		};
/* End XCBuildConfiguration section */

/* Begin XCConfigurationList section */
		8CC214BC268449F9009537F9 /* Build configuration list for PBXProject "SemiModalSample" */ = {
			isa = XCConfigurationList;
			buildConfigurations = (
				8CC214D3268449FA009537F9 /* Debug */,
				8CC214D4268449FA009537F9 /* Release */,
			);
			defaultConfigurationIsVisible = 0;
			defaultConfigurationName = Release;
		};
		8CC214D5268449FA009537F9 /* Build configuration list for PBXNativeTarget "SemiModalSample" */ = {
			isa = XCConfigurationList;
			buildConfigurations = (
				8CC214D6268449FA009537F9 /* Debug */,
				8CC214D7268449FA009537F9 /* Release */,
			);
			defaultConfigurationIsVisible = 0;
			defaultConfigurationName = Release;
		};
/* End XCConfigurationList section */
	};
	rootObject = 8CC214B9268449F9009537F9 /* Project object */;
}
